%{"connection": {:hex, :connection, "1.0.4", "a1cae72211f0eef17705aaededacac3eb30e6625b04a6117c1b2db6ace7d5976", [:mix], []},
  "db_connection": {:hex, :db_connection, "1.1.2", "2865c2a4bae0714e2213a0ce60a1b12d76a6efba0c51fbda59c9ab8d1accc7a8", [:mix], [{:connection, "~> 1.0.2", [hex: :connection, optional: false]}, {:poolboy, "~> 1.5", [hex: :poolboy, optional: true]}, {:sbroker, "~> 1.0", [hex: :sbroker, optional: true]}]},
  "decimal": {:hex, :decimal, "1.4.0", "fac965ce71a46aab53d3a6ce45662806bdd708a4a95a65cde8a12eb0124a1333", [:mix], []},
  "ecto": {:hex, :ecto, "2.2.1", "ccc6fd304f9bb785f2c3cfd0ee8da6bad6544ab12ca5f7162b20a743d938417c", [:mix], [{:db_connection, "~> 1.1", [hex: :db_connection, optional: true]}, {:decimal, "~> 1.2", [hex: :decimal, optional: false]}, {:mariaex, "~> 0.8.0", [hex: :mariaex, optional: true]}, {:poison, "~> 2.2 or ~> 3.0", [hex: :poison, optional: true]}, {:poolboy, "~> 1.5", [hex: :poolboy, optional: false]}, {:postgrex, "~> 0.13.0", [hex: :postgrex, optional: true]}, {:sbroker, "~> 1.0", [hex: :sbroker, optional: true]}]},
  "esqlite": {:hex, :esqlite, "0.2.3", "1a8b60877fdd3d50a8a84b342db04032c0231cc27ecff4ddd0d934485d4c0cd5", [:rebar3], []},
  "poolboy": {:hex, :poolboy, "1.5.1", "6b46163901cfd0a1b43d692657ed9d7e599853b3b21b95ae5ae0a777cf9b6ca8", [:rebar], []},
  "postgrex": {:hex, :postgrex, "0.13.3", "c277cfb2a9c5034d445a722494c13359e361d344ef6f25d604c2353185682bfc", [:mix], [{:connection, "~> 1.0", [hex: :connection, optional: false]}, {:db_connection, "~> 1.1", [hex: :db_connection, optional: false]}, {:decimal, "~> 1.0", [hex: :decimal, optional: false]}]},
  "sbroker": {:hex, :sbroker, "1.0.0", "28ff1b5e58887c5098539f236307b36fe1d3edaa2acff9d6a3d17c2dcafebbd0", [:rebar3], []},
  "sqlite_ecto2": {:hex, :sqlite_ecto2, "2.2.0", "e7245d3d21b4d21dd68f6b340cdcbac531975397774ef4cbe8694919eb6da3ce", [:mix], [{:connection, "~> 1.0.3", [hex: :connection, optional: false]}, {:db_connection, "~> 1.1.0", [hex: :db_connection, optional: false]}, {:decimal, "~> 1.2", [hex: :decimal, optional: false]}, {:ecto, "~> 2.2.0", [hex: :ecto, optional: false]}, {:esqlite, "~> 0.2.3", [hex: :esqlite, optional: false]}, {:poison, "~> 2.2 or ~> 3.0", [hex: :poison, optional: true]}, {:postgrex, "~> 0.13.0", [hex: :postgrex, optional: true]}, {:sbroker, "~> 1.0", [hex: :sbroker, optional: false]}, {:sqlitex, "~> 1.3.2 or ~> 1.4", [hex: :sqlitex, optional: false]}]},
  "sqlitex": {:hex, :sqlitex, "1.3.2", "ec4c78306dcc2c45761b9c1bdf2864ab3f18e077d31c84aa8aed5dc76841c535", [:mix], [{:decimal, "~> 1.1", [hex: :decimal, optional: false]}, {:esqlite, "~> 0.2.3", [hex: :esqlite, optional: false]}]}}
